// !$*UTF8*$!
{
	archiveVersion = 1;
	classes = {
	};
	objectVersion = 50;
	objects = {

/* Begin PBXBuildFile section */
		B309AE6D2637EF6B00B1636E /* main.cpp in Sources */ = {isa = PBXBuildFile; fileRef = B309AE6C2637EF6B00B1636E /* main.cpp */; };
		B309AE7E26380FBA00B1636E /* main.cpp in Sources */ = {isa = PBXBuildFile; fileRef = B309AE7D26380FBA00B1636E /* main.cpp */; };
		B3147FCA2637C44C00CF20D8 /* main.cpp in Sources */ = {isa = PBXBuildFile; fileRef = B3147FC92637C44C00CF20D8 /* main.cpp */; };
		B3A76B412638EC2200AA2A1C /* main.cpp in Sources */ = {isa = PBXBuildFile; fileRef = B3A76B402638EC2200AA2A1C /* main.cpp */; };
		B3A76B8726390DE400AA2A1C /* math.c in Sources */ = {isa = PBXBuildFile; fileRef = B3A76B8626390DE400AA2A1C /* math.c */; };
		B3A76B972639130D00AA2A1C /* test.c in Sources */ = {isa = PBXBuildFile; fileRef = B3A76B962639130D00AA2A1C /* test.c */; };
		B3A76BB726393C2900AA2A1C /* main.cpp in Sources */ = {isa = PBXBuildFile; fileRef = B3A76BB626393C2900AA2A1C /* main.cpp */; };
		B3FDD3182639544B00C95E79 /* main.cpp in Sources */ = {isa = PBXBuildFile; fileRef = B3FDD3172639544B00C95E79 /* main.cpp */; };
/* End PBXBuildFile section */

/* Begin PBXCopyFilesBuildPhase section */
		B309AE682637EF6B00B1636E /* CopyFiles */ = {
			isa = PBXCopyFilesBuildPhase;
			buildActionMask = 2147483647;
			dstPath = /usr/share/man/man1/;
			dstSubfolderSpec = 0;
			files = (
			);
			runOnlyForDeploymentPostprocessing = 1;
		};
		B309AE7926380FBA00B1636E /* CopyFiles */ = {
			isa = PBXCopyFilesBuildPhase;
			buildActionMask = 2147483647;
			dstPath = /usr/share/man/man1/;
			dstSubfolderSpec = 0;
			files = (
			);
			runOnlyForDeploymentPostprocessing = 1;
		};
		B3147FC42637C44C00CF20D8 /* CopyFiles */ = {
			isa = PBXCopyFilesBuildPhase;
			buildActionMask = 2147483647;
			dstPath = /usr/share/man/man1/;
			dstSubfolderSpec = 0;
			files = (
			);
			runOnlyForDeploymentPostprocessing = 1;
		};
		B3A76B3C2638EC2200AA2A1C /* CopyFiles */ = {
			isa = PBXCopyFilesBuildPhase;
			buildActionMask = 2147483647;
			dstPath = /usr/share/man/man1/;
			dstSubfolderSpec = 0;
			files = (
			);
			runOnlyForDeploymentPostprocessing = 1;
		};
		B3A76BB226393C2900AA2A1C /* CopyFiles */ = {
			isa = PBXCopyFilesBuildPhase;
			buildActionMask = 2147483647;
			dstPath = /usr/share/man/man1/;
			dstSubfolderSpec = 0;
			files = (
			);
			runOnlyForDeploymentPostprocessing = 1;
		};
		B3FDD3132639544B00C95E79 /* CopyFiles */ = {
			isa = PBXCopyFilesBuildPhase;
			buildActionMask = 2147483647;
			dstPath = /usr/share/man/man1/;
			dstSubfolderSpec = 0;
			files = (
			);
			runOnlyForDeploymentPostprocessing = 1;
		};
/* End PBXCopyFilesBuildPhase section */

/* Begin PBXFileReference section */
		B309AE6A2637EF6B00B1636E /* 01-函数重载 */ = {isa = PBXFileReference; explicitFileType = "compiled.mach-o.executable"; includeInIndex = 0; path = "01-函数重载"; sourceTree = BUILT_PRODUCTS_DIR; };
		B309AE6C2637EF6B00B1636E /* main.cpp */ = {isa = PBXFileReference; lastKnownFileType = sourcecode.cpp.cpp; path = main.cpp; sourceTree = "<group>"; };
		B309AE7B26380FBA00B1636E /* 02-默认参数 */ = {isa = PBXFileReference; explicitFileType = "compiled.mach-o.executable"; includeInIndex = 0; path = "02-默认参数"; sourceTree = BUILT_PRODUCTS_DIR; };
		B309AE7D26380FBA00B1636E /* main.cpp */ = {isa = PBXFileReference; lastKnownFileType = sourcecode.cpp.cpp; path = main.cpp; sourceTree = "<group>"; };
		B3147FC62637C44C00CF20D8 /* CPlusPlus_study */ = {isa = PBXFileReference; explicitFileType = "compiled.mach-o.executable"; includeInIndex = 0; path = CPlusPlus_study; sourceTree = BUILT_PRODUCTS_DIR; };
		B3147FC92637C44C00CF20D8 /* main.cpp */ = {isa = PBXFileReference; lastKnownFileType = sourcecode.cpp.cpp; path = main.cpp; sourceTree = "<group>"; };
		B3A76B3E2638EC2200AA2A1C /* 03-extern_C */ = {isa = PBXFileReference; explicitFileType = "compiled.mach-o.executable"; includeInIndex = 0; path = "03-extern_C"; sourceTree = BUILT_PRODUCTS_DIR; };
		B3A76B402638EC2200AA2A1C /* main.cpp */ = {isa = PBXFileReference; lastKnownFileType = sourcecode.cpp.cpp; path = main.cpp; sourceTree = "<group>"; };
		B3A76B8526390DE400AA2A1C /* math.h */ = {isa = PBXFileReference; lastKnownFileType = sourcecode.c.h; path = math.h; sourceTree = "<group>"; };
		B3A76B8626390DE400AA2A1C /* math.c */ = {isa = PBXFileReference; lastKnownFileType = sourcecode.c.c; path = math.c; sourceTree = "<group>"; };
		B3A76B962639130D00AA2A1C /* test.c */ = {isa = PBXFileReference; lastKnownFileType = sourcecode.c.c; path = test.c; sourceTree = "<group>"; };
		B3A76BB426393C2900AA2A1C /* 04-内联函数 */ = {isa = PBXFileReference; explicitFileType = "compiled.mach-o.executable"; includeInIndex = 0; path = "04-内联函数"; sourceTree = BUILT_PRODUCTS_DIR; };
		B3A76BB626393C2900AA2A1C /* main.cpp */ = {isa = PBXFileReference; lastKnownFileType = sourcecode.cpp.cpp; path = main.cpp; sourceTree = "<group>"; };
		B3FDD3152639544B00C95E79 /* 05-const */ = {isa = PBXFileReference; explicitFileType = "compiled.mach-o.executable"; includeInIndex = 0; path = "05-const"; sourceTree = BUILT_PRODUCTS_DIR; };
		B3FDD3172639544B00C95E79 /* main.cpp */ = {isa = PBXFileReference; lastKnownFileType = sourcecode.cpp.cpp; path = main.cpp; sourceTree = "<group>"; };
/* End PBXFileReference section */

/* Begin PBXFrameworksBuildPhase section */
		B309AE672637EF6B00B1636E /* Frameworks */ = {
			isa = PBXFrameworksBuildPhase;
			buildActionMask = 2147483647;
			files = (
			);
			runOnlyForDeploymentPostprocessing = 0;
		};
		B309AE7826380FBA00B1636E /* Frameworks */ = {
			isa = PBXFrameworksBuildPhase;
			buildActionMask = 2147483647;
			files = (
			);
			runOnlyForDeploymentPostprocessing = 0;
		};
		B3147FC32637C44C00CF20D8 /* Frameworks */ = {
			isa = PBXFrameworksBuildPhase;
			buildActionMask = 2147483647;
			files = (
			);
			runOnlyForDeploymentPostprocessing = 0;
		};
		B3A76B3B2638EC2200AA2A1C /* Frameworks */ = {
			isa = PBXFrameworksBuildPhase;
			buildActionMask = 2147483647;
			files = (
			);
			runOnlyForDeploymentPostprocessing = 0;
		};
		B3A76BB126393C2900AA2A1C /* Frameworks */ = {
			isa = PBXFrameworksBuildPhase;
			buildActionMask = 2147483647;
			files = (
			);
			runOnlyForDeploymentPostprocessing = 0;
		};
		B3FDD3122639544B00C95E79 /* Frameworks */ = {
			isa = PBXFrameworksBuildPhase;
			buildActionMask = 2147483647;
			files = (
			);
			runOnlyForDeploymentPostprocessing = 0;
		};
/* End PBXFrameworksBuildPhase section */

/* Begin PBXGroup section */
		B309AE6B2637EF6B00B1636E /* 01-函数重载 */ = {
			isa = PBXGroup;
			children = (
				B309AE6C2637EF6B00B1636E /* main.cpp */,
			);
			path = "01-函数重载";
			sourceTree = "<group>";
		};
		B309AE7C26380FBA00B1636E /* 02-默认参数 */ = {
			isa = PBXGroup;
			children = (
				B309AE7D26380FBA00B1636E /* main.cpp */,
			);
			path = "02-默认参数";
			sourceTree = "<group>";
		};
		B3147FBD2637C44C00CF20D8 = {
			isa = PBXGroup;
			children = (
				B3147FC82637C44C00CF20D8 /* CPlusPlus_study */,
				B309AE6B2637EF6B00B1636E /* 01-函数重载 */,
				B309AE7C26380FBA00B1636E /* 02-默认参数 */,
				B3A76B3F2638EC2200AA2A1C /* 03-extern_C */,
				B3A76BB526393C2900AA2A1C /* 04-内联函数 */,
				B3FDD3162639544B00C95E79 /* 05-const */,
				B3147FC72637C44C00CF20D8 /* Products */,
			);
			sourceTree = "<group>";
		};
		B3147FC72637C44C00CF20D8 /* Products */ = {
			isa = PBXGroup;
			children = (
				B3147FC62637C44C00CF20D8 /* CPlusPlus_study */,
				B309AE6A2637EF6B00B1636E /* 01-函数重载 */,
				B309AE7B26380FBA00B1636E /* 02-默认参数 */,
				B3A76B3E2638EC2200AA2A1C /* 03-extern_C */,
				B3A76BB426393C2900AA2A1C /* 04-内联函数 */,
				B3FDD3152639544B00C95E79 /* 05-const */,
			);
			name = Products;
			sourceTree = "<group>";
		};
		B3147FC82637C44C00CF20D8 /* CPlusPlus_study */ = {
			isa = PBXGroup;
			children = (
				B3147FC92637C44C00CF20D8 /* main.cpp */,
			);
			path = CPlusPlus_study;
			sourceTree = "<group>";
		};
		B3A76B3F2638EC2200AA2A1C /* 03-extern_C */ = {
			isa = PBXGroup;
			children = (
				B3A76B402638EC2200AA2A1C /* main.cpp */,
				B3A76B8526390DE400AA2A1C /* math.h */,
				B3A76B8626390DE400AA2A1C /* math.c */,
				B3A76B962639130D00AA2A1C /* test.c */,
			);
			path = "03-extern_C";
			sourceTree = "<group>";
		};
		B3A76BB526393C2900AA2A1C /* 04-内联函数 */ = {
			isa = PBXGroup;
			children = (
				B3A76BB626393C2900AA2A1C /* main.cpp */,
			);
			path = "04-内联函数";
			sourceTree = "<group>";
		};
		B3FDD3162639544B00C95E79 /* 05-const */ = {
			isa = PBXGroup;
			children = (
				B3FDD3172639544B00C95E79 /* main.cpp */,
			);
			path = "05-const";
			sourceTree = "<group>";
		};
/* End PBXGroup section */

/* Begin PBXNativeTarget section */
		B309AE692637EF6B00B1636E /* 01-函数重载 */ = {
			isa = PBXNativeTarget;
			buildConfigurationList = B309AE702637EF6B00B1636E /* Build configuration list for PBXNativeTarget "01-函数重载" */;
			buildPhases = (
				B309AE662637EF6B00B1636E /* Sources */,
				B309AE672637EF6B00B1636E /* Frameworks */,
				B309AE682637EF6B00B1636E /* CopyFiles */,
			);
			buildRules = (
			);
			dependencies = (
			);
			name = "01-函数重载";
			productName = "01-函数重载";
			productReference = B309AE6A2637EF6B00B1636E /* 01-函数重载 */;
			productType = "com.apple.product-type.tool";
		};
		B309AE7A26380FBA00B1636E /* 02-默认参数 */ = {
			isa = PBXNativeTarget;
			buildConfigurationList = B309AE7F26380FBA00B1636E /* Build configuration list for PBXNativeTarget "02-默认参数" */;
			buildPhases = (
				B309AE7726380FBA00B1636E /* Sources */,
				B309AE7826380FBA00B1636E /* Frameworks */,
				B309AE7926380FBA00B1636E /* CopyFiles */,
			);
			buildRules = (
			);
			dependencies = (
			);
			name = "02-默认参数";
			productName = "02-默认参数";
			productReference = B309AE7B26380FBA00B1636E /* 02-默认参数 */;
			productType = "com.apple.product-type.tool";
		};
		B3147FC52637C44C00CF20D8 /* CPlusPlus_study */ = {
			isa = PBXNativeTarget;
			buildConfigurationList = B3147FCD2637C44C00CF20D8 /* Build configuration list for PBXNativeTarget "CPlusPlus_study" */;
			buildPhases = (
				B3147FC22637C44C00CF20D8 /* Sources */,
				B3147FC32637C44C00CF20D8 /* Frameworks */,
				B3147FC42637C44C00CF20D8 /* CopyFiles */,
			);
			buildRules = (
			);
			dependencies = (
			);
			name = CPlusPlus_study;
			productName = CPlusPlus_study;
			productReference = B3147FC62637C44C00CF20D8 /* CPlusPlus_study */;
			productType = "com.apple.product-type.tool";
		};
		B3A76B3D2638EC2200AA2A1C /* 03-extern_C */ = {
			isa = PBXNativeTarget;
			buildConfigurationList = B3A76B442638EC2200AA2A1C /* Build configuration list for PBXNativeTarget "03-extern_C" */;
			buildPhases = (
				B3A76B3A2638EC2200AA2A1C /* Sources */,
				B3A76B3B2638EC2200AA2A1C /* Frameworks */,
				B3A76B3C2638EC2200AA2A1C /* CopyFiles */,
			);
			buildRules = (
			);
			dependencies = (
			);
			name = "03-extern_C";
			productName = "03-extern_C";
			productReference = B3A76B3E2638EC2200AA2A1C /* 03-extern_C */;
			productType = "com.apple.product-type.tool";
		};
		B3A76BB326393C2900AA2A1C /* 04-内联函数 */ = {
			isa = PBXNativeTarget;
			buildConfigurationList = B3A76BB826393C2900AA2A1C /* Build configuration list for PBXNativeTarget "04-内联函数" */;
			buildPhases = (
				B3A76BB026393C2900AA2A1C /* Sources */,
				B3A76BB126393C2900AA2A1C /* Frameworks */,
				B3A76BB226393C2900AA2A1C /* CopyFiles */,
			);
			buildRules = (
			);
			dependencies = (
			);
			name = "04-内联函数";
			productName = "04-内联函数";
			productReference = B3A76BB426393C2900AA2A1C /* 04-内联函数 */;
			productType = "com.apple.product-type.tool";
		};
		B3FDD3142639544B00C95E79 /* 05-const */ = {
			isa = PBXNativeTarget;
			buildConfigurationList = B3FDD31B2639544B00C95E79 /* Build configuration list for PBXNativeTarget "05-const" */;
			buildPhases = (
				B3FDD3112639544B00C95E79 /* Sources */,
				B3FDD3122639544B00C95E79 /* Frameworks */,
				B3FDD3132639544B00C95E79 /* CopyFiles */,
			);
			buildRules = (
			);
			dependencies = (
			);
			name = "05-const";
			productName = "05-const";
			productReference = B3FDD3152639544B00C95E79 /* 05-const */;
			productType = "com.apple.product-type.tool";
		};
/* End PBXNativeTarget section */

/* Begin PBXProject section */
		B3147FBE2637C44C00CF20D8 /* Project object */ = {
			isa = PBXProject;
			attributes = {
				LastUpgradeCheck = 1230;
				TargetAttributes = {
					B309AE692637EF6B00B1636E = {
						CreatedOnToolsVersion = 12.3;
					};
					B309AE7A26380FBA00B1636E = {
						CreatedOnToolsVersion = 12.3;
					};
					B3147FC52637C44C00CF20D8 = {
						CreatedOnToolsVersion = 12.3;
					};
					B3A76B3D2638EC2200AA2A1C = {
						CreatedOnToolsVersion = 12.3;
					};
					B3A76BB326393C2900AA2A1C = {
						CreatedOnToolsVersion = 12.3;
					};
					B3FDD3142639544B00C95E79 = {
						CreatedOnToolsVersion = 12.3;
					};
				};
			};
			buildConfigurationList = B3147FC12637C44C00CF20D8 /* Build configuration list for PBXProject "cplusplus_study" */;
			compatibilityVersion = "Xcode 9.3";
			developmentRegion = en;
			hasScannedForEncodings = 0;
			knownRegions = (
				en,
				Base,
			);
			mainGroup = B3147FBD2637C44C00CF20D8;
			productRefGroup = B3147FC72637C44C00CF20D8 /* Products */;
			projectDirPath = "";
			projectRoot = "";
			targets = (
				B3147FC52637C44C00CF20D8 /* CPlusPlus_study */,
				B309AE692637EF6B00B1636E /* 01-函数重载 */,
				B309AE7A26380FBA00B1636E /* 02-默认参数 */,
				B3A76B3D2638EC2200AA2A1C /* 03-extern_C */,
				B3A76BB326393C2900AA2A1C /* 04-内联函数 */,
				B3FDD3142639544B00C95E79 /* 05-const */,
			);
		};
/* End PBXProject section */

/* Begin PBXSourcesBuildPhase section */
		B309AE662637EF6B00B1636E /* Sources */ = {
			isa = PBXSourcesBuildPhase;
			buildActionMask = 2147483647;
			files = (
				B309AE6D2637EF6B00B1636E /* main.cpp in Sources */,
			);
			runOnlyForDeploymentPostprocessing = 0;
		};
		B309AE7726380FBA00B1636E /* Sources */ = {
			isa = PBXSourcesBuildPhase;
			buildActionMask = 2147483647;
			files = (
				B309AE7E26380FBA00B1636E /* main.cpp in Sources */,
			);
			runOnlyForDeploymentPostprocessing = 0;
		};
		B3147FC22637C44C00CF20D8 /* Sources */ = {
			isa = PBXSourcesBuildPhase;
			buildActionMask = 2147483647;
			files = (
				B3147FCA2637C44C00CF20D8 /* main.cpp in Sources */,
			);
			runOnlyForDeploymentPostprocessing = 0;
		};
		B3A76B3A2638EC2200AA2A1C /* Sources */ = {
			isa = PBXSourcesBuildPhase;
			buildActionMask = 2147483647;
			files = (
				B3A76B972639130D00AA2A1C /* test.c in Sources */,
				B3A76B412638EC2200AA2A1C /* main.cpp in Sources */,
				B3A76B8726390DE400AA2A1C /* math.c in Sources */,
			);
			runOnlyForDeploymentPostprocessing = 0;
		};
		B3A76BB026393C2900AA2A1C /* Sources */ = {
			isa = PBXSourcesBuildPhase;
			buildActionMask = 2147483647;
			files = (
				B3A76BB726393C2900AA2A1C /* main.cpp in Sources */,
			);
			runOnlyForDeploymentPostprocessing = 0;
		};
		B3FDD3112639544B00C95E79 /* Sources */ = {
			isa = PBXSourcesBuildPhase;
			buildActionMask = 2147483647;
			files = (
				B3FDD3182639544B00C95E79 /* main.cpp in Sources */,
			);
			runOnlyForDeploymentPostprocessing = 0;
		};
/* End PBXSourcesBuildPhase section */

/* Begin XCBuildConfiguration section */
		B309AE6E2637EF6B00B1636E /* Debug */ = {
			isa = XCBuildConfiguration;
			buildSettings = {
				CODE_SIGN_STYLE = Automatic;
				DEVELOPMENT_TEAM = HGF48S4DZC;
				ENABLE_HARDENED_RUNTIME = YES;
				GCC_OPTIMIZATION_LEVEL = 0;
				PRODUCT_NAME = "$(TARGET_NAME)";
			};
			name = Debug;
		};
		B309AE6F2637EF6B00B1636E /* Release */ = {
			isa = XCBuildConfiguration;
			buildSettings = {
				CODE_SIGN_STYLE = Automatic;
				DEVELOPMENT_TEAM = HGF48S4DZC;
				ENABLE_HARDENED_RUNTIME = YES;
				PRODUCT_NAME = "$(TARGET_NAME)";
			};
			name = Release;
		};
		B309AE8026380FBA00B1636E /* Debug */ = {
			isa = XCBuildConfiguration;
			buildSettings = {
				CODE_SIGN_STYLE = Automatic;
				DEVELOPMENT_TEAM = HGF48S4DZC;
				ENABLE_HARDENED_RUNTIME = YES;
				PRODUCT_NAME = "$(TARGET_NAME)";
			};
			name = Debug;
		};
		B309AE8126380FBA00B1636E /* Release */ = {
			isa = XCBuildConfiguration;
			buildSettings = {
				CODE_SIGN_STYLE = Automatic;
				DEVELOPMENT_TEAM = HGF48S4DZC;
				ENABLE_HARDENED_RUNTIME = YES;
				PRODUCT_NAME = "$(TARGET_NAME)";
			};
			name = Release;
		};
		B3147FCB2637C44C00CF20D8 /* Debug */ = {
			isa = XCBuildConfiguration;
			buildSettings = {
				ALWAYS_SEARCH_USER_PATHS = NO;
				CLANG_ANALYZER_NONNULL = YES;
				CLANG_ANALYZER_NUMBER_OBJECT_CONVERSION = YES_AGGRESSIVE;
				CLANG_CXX_LANGUAGE_STANDARD = "gnu++14";
				CLANG_CXX_LIBRARY = "libc++";
				CLANG_ENABLE_MODULES = YES;
				CLANG_ENABLE_OBJC_ARC = YES;
				CLANG_ENABLE_OBJC_WEAK = YES;
				CLANG_WARN_BLOCK_CAPTURE_AUTORELEASING = YES;
				CLANG_WARN_BOOL_CONVERSION = YES;
				CLANG_WARN_COMMA = YES;
				CLANG_WARN_CONSTANT_CONVERSION = YES;
				CLANG_WARN_DEPRECATED_OBJC_IMPLEMENTATIONS = YES;
				CLANG_WARN_DIRECT_OBJC_ISA_USAGE = YES_ERROR;
				CLANG_WARN_DOCUMENTATION_COMMENTS = YES;
				CLANG_WARN_EMPTY_BODY = YES;
				CLANG_WARN_ENUM_CONVERSION = YES;
				CLANG_WARN_INFINITE_RECURSION = YES;
				CLANG_WARN_INT_CONVERSION = YES;
				CLANG_WARN_NON_LITERAL_NULL_CONVERSION = YES;
				CLANG_WARN_OBJC_IMPLICIT_RETAIN_SELF = YES;
				CLANG_WARN_OBJC_LITERAL_CONVERSION = YES;
				CLANG_WARN_OBJC_ROOT_CLASS = YES_ERROR;
				CLANG_WARN_QUOTED_INCLUDE_IN_FRAMEWORK_HEADER = YES;
				CLANG_WARN_RANGE_LOOP_ANALYSIS = YES;
				CLANG_WARN_STRICT_PROTOTYPES = YES;
				CLANG_WARN_SUSPICIOUS_MOVE = YES;
				CLANG_WARN_UNGUARDED_AVAILABILITY = YES_AGGRESSIVE;
				CLANG_WARN_UNREACHABLE_CODE = YES;
				CLANG_WARN__DUPLICATE_METHOD_MATCH = YES;
				COPY_PHASE_STRIP = NO;
				DEBUG_INFORMATION_FORMAT = dwarf;
				ENABLE_STRICT_OBJC_MSGSEND = YES;
				ENABLE_TESTABILITY = YES;
				GCC_C_LANGUAGE_STANDARD = gnu11;
				GCC_DYNAMIC_NO_PIC = NO;
				GCC_NO_COMMON_BLOCKS = YES;
				GCC_OPTIMIZATION_LEVEL = 0;
				GCC_PREPROCESSOR_DEFINITIONS = (
					"DEBUG=1",
					"$(inherited)",
				);
				GCC_WARN_64_TO_32_BIT_CONVERSION = YES;
				GCC_WARN_ABOUT_RETURN_TYPE = YES_ERROR;
				GCC_WARN_UNDECLARED_SELECTOR = YES;
				GCC_WARN_UNINITIALIZED_AUTOS = YES_AGGRESSIVE;
				GCC_WARN_UNUSED_FUNCTION = YES;
				GCC_WARN_UNUSED_VARIABLE = YES;
				MACOSX_DEPLOYMENT_TARGET = 10.15;
				MTL_ENABLE_DEBUG_INFO = INCLUDE_SOURCE;
				MTL_FAST_MATH = YES;
				ONLY_ACTIVE_ARCH = YES;
				SDKROOT = macosx;
			};
			name = Debug;
		};
		B3147FCC2637C44C00CF20D8 /* Release */ = {
			isa = XCBuildConfiguration;
			buildSettings = {
				ALWAYS_SEARCH_USER_PATHS = NO;
				CLANG_ANALYZER_NONNULL = YES;
				CLANG_ANALYZER_NUMBER_OBJECT_CONVERSION = YES_AGGRESSIVE;
				CLANG_CXX_LANGUAGE_STANDARD = "gnu++14";
				CLANG_CXX_LIBRARY = "libc++";
				CLANG_ENABLE_MODULES = YES;
				CLANG_ENABLE_OBJC_ARC = YES;
				CLANG_ENABLE_OBJC_WEAK = YES;
				CLANG_WARN_BLOCK_CAPTURE_AUTORELEASING = YES;
				CLANG_WARN_BOOL_CONVERSION = YES;
				CLANG_WARN_COMMA = YES;
				CLANG_WARN_CONSTANT_CONVERSION = YES;
				CLANG_WARN_DEPRECATED_OBJC_IMPLEMENTATIONS = YES;
				CLANG_WARN_DIRECT_OBJC_ISA_USAGE = YES_ERROR;
				CLANG_WARN_DOCUMENTATION_COMMENTS = YES;
				CLANG_WARN_EMPTY_BODY = YES;
				CLANG_WARN_ENUM_CONVERSION = YES;
				CLANG_WARN_INFINITE_RECURSION = YES;
				CLANG_WARN_INT_CONVERSION = YES;
				CLANG_WARN_NON_LITERAL_NULL_CONVERSION = YES;
				CLANG_WARN_OBJC_IMPLICIT_RETAIN_SELF = YES;
				CLANG_WARN_OBJC_LITERAL_CONVERSION = YES;
				CLANG_WARN_OBJC_ROOT_CLASS = YES_ERROR;
				CLANG_WARN_QUOTED_INCLUDE_IN_FRAMEWORK_HEADER = YES;
				CLANG_WARN_RANGE_LOOP_ANALYSIS = YES;
				CLANG_WARN_STRICT_PROTOTYPES = YES;
				CLANG_WARN_SUSPICIOUS_MOVE = YES;
				CLANG_WARN_UNGUARDED_AVAILABILITY = YES_AGGRESSIVE;
				CLANG_WARN_UNREACHABLE_CODE = YES;
				CLANG_WARN__DUPLICATE_METHOD_MATCH = YES;
				COPY_PHASE_STRIP = NO;
				DEBUG_INFORMATION_FORMAT = "dwarf-with-dsym";
				ENABLE_NS_ASSERTIONS = NO;
				ENABLE_STRICT_OBJC_MSGSEND = YES;
				GCC_C_LANGUAGE_STANDARD = gnu11;
				GCC_NO_COMMON_BLOCKS = YES;
				GCC_WARN_64_TO_32_BIT_CONVERSION = YES;
				GCC_WARN_ABOUT_RETURN_TYPE = YES_ERROR;
				GCC_WARN_UNDECLARED_SELECTOR = YES;
				GCC_WARN_UNINITIALIZED_AUTOS = YES_AGGRESSIVE;
				GCC_WARN_UNUSED_FUNCTION = YES;
				GCC_WARN_UNUSED_VARIABLE = YES;
				MACOSX_DEPLOYMENT_TARGET = 10.15;
				MTL_ENABLE_DEBUG_INFO = NO;
				MTL_FAST_MATH = YES;
				SDKROOT = macosx;
			};
			name = Release;
		};
		B3147FCE2637C44C00CF20D8 /* Debug */ = {
			isa = XCBuildConfiguration;
			buildSettings = {
				CODE_SIGN_STYLE = Automatic;
				DEVELOPMENT_TEAM = HGF48S4DZC;
				ENABLE_HARDENED_RUNTIME = YES;
				PRODUCT_NAME = "$(TARGET_NAME)";
			};
			name = Debug;
		};
		B3147FCF2637C44C00CF20D8 /* Release */ = {
			isa = XCBuildConfiguration;
			buildSettings = {
				CODE_SIGN_STYLE = Automatic;
				DEVELOPMENT_TEAM = HGF48S4DZC;
				ENABLE_HARDENED_RUNTIME = YES;
				PRODUCT_NAME = "$(TARGET_NAME)";
			};
			name = Release;
		};
		B3A76B422638EC2200AA2A1C /* Debug */ = {
			isa = XCBuildConfiguration;
			buildSettings = {
				CODE_SIGN_STYLE = Automatic;
				DEVELOPMENT_TEAM = HGF48S4DZC;
				ENABLE_HARDENED_RUNTIME = YES;
				PRODUCT_NAME = "$(TARGET_NAME)";
			};
			name = Debug;
		};
		B3A76B432638EC2200AA2A1C /* Release */ = {
			isa = XCBuildConfiguration;
			buildSettings = {
				CODE_SIGN_STYLE = Automatic;
				DEVELOPMENT_TEAM = HGF48S4DZC;
				ENABLE_HARDENED_RUNTIME = YES;
				PRODUCT_NAME = "$(TARGET_NAME)";
			};
			name = Release;
		};
		B3A76BB926393C2900AA2A1C /* Debug */ = {
			isa = XCBuildConfiguration;
			buildSettings = {
				CODE_SIGN_STYLE = Automatic;
				DEVELOPMENT_TEAM = HGF48S4DZC;
				ENABLE_HARDENED_RUNTIME = YES;
				PRODUCT_NAME = "$(TARGET_NAME)";
			};
			name = Debug;
		};
		B3A76BBA26393C2900AA2A1C /* Release */ = {
			isa = XCBuildConfiguration;
			buildSettings = {
				CODE_SIGN_STYLE = Automatic;
				DEVELOPMENT_TEAM = HGF48S4DZC;
				ENABLE_HARDENED_RUNTIME = YES;
				GCC_OPTIMIZATION_LEVEL = z;
				PRODUCT_NAME = "$(TARGET_NAME)";
			};
			name = Release;
		};
		B3FDD3192639544B00C95E79 /* Debug */ = {
			isa = XCBuildConfiguration;
			buildSettings = {
				CODE_SIGN_STYLE = Automatic;
				DEVELOPMENT_TEAM = HGF48S4DZC;
				ENABLE_HARDENED_RUNTIME = YES;
				PRODUCT_NAME = "$(TARGET_NAME)";
			};
			name = Debug;
		};
		B3FDD31A2639544B00C95E79 /* Release */ = {
			isa = XCBuildConfiguration;
			buildSettings = {
				CODE_SIGN_STYLE = Automatic;
				DEVELOPMENT_TEAM = HGF48S4DZC;
				ENABLE_HARDENED_RUNTIME = YES;
				PRODUCT_NAME = "$(TARGET_NAME)";
			};
			name = Release;
		};
/* End XCBuildConfiguration section */

/* Begin XCConfigurationList section */
		B309AE702637EF6B00B1636E /* Build configuration list for PBXNativeTarget "01-函数重载" */ = {
			isa = XCConfigurationList;
			buildConfigurations = (
				B309AE6E2637EF6B00B1636E /* Debug */,
				B309AE6F2637EF6B00B1636E /* Release */,
			);
			defaultConfigurationIsVisible = 0;
			defaultConfigurationName = Release;
		};
		B309AE7F26380FBA00B1636E /* Build configuration list for PBXNativeTarget "02-默认参数" */ = {
			isa = XCConfigurationList;
			buildConfigurations = (
				B309AE8026380FBA00B1636E /* Debug */,
				B309AE8126380FBA00B1636E /* Release */,
			);
			defaultConfigurationIsVisible = 0;
			defaultConfigurationName = Release;
		};
		B3147FC12637C44C00CF20D8 /* Build configuration list for PBXProject "cplusplus_study" */ = {
			isa = XCConfigurationList;
			buildConfigurations = (
				B3147FCB2637C44C00CF20D8 /* Debug */,
				B3147FCC2637C44C00CF20D8 /* Release */,
			);
			defaultConfigurationIsVisible = 0;
			defaultConfigurationName = Release;
		};
		B3147FCD2637C44C00CF20D8 /* Build configuration list for PBXNativeTarget "CPlusPlus_study" */ = {
			isa = XCConfigurationList;
			buildConfigurations = (
				B3147FCE2637C44C00CF20D8 /* Debug */,
				B3147FCF2637C44C00CF20D8 /* Release */,
			);
			defaultConfigurationIsVisible = 0;
			defaultConfigurationName = Release;
		};
		B3A76B442638EC2200AA2A1C /* Build configuration list for PBXNativeTarget "03-extern_C" */ = {
			isa = XCConfigurationList;
			buildConfigurations = (
				B3A76B422638EC2200AA2A1C /* Debug */,
				B3A76B432638EC2200AA2A1C /* Release */,
			);
			defaultConfigurationIsVisible = 0;
			defaultConfigurationName = Release;
		};
		B3A76BB826393C2900AA2A1C /* Build configuration list for PBXNativeTarget "04-内联函数" */ = {
			isa = XCConfigurationList;
			buildConfigurations = (
				B3A76BB926393C2900AA2A1C /* Debug */,
				B3A76BBA26393C2900AA2A1C /* Release */,
			);
			defaultConfigurationIsVisible = 0;
			defaultConfigurationName = Release;
		};
		B3FDD31B2639544B00C95E79 /* Build configuration list for PBXNativeTarget "05-const" */ = {
			isa = XCConfigurationList;
			buildConfigurations = (
				B3FDD3192639544B00C95E79 /* Debug */,
				B3FDD31A2639544B00C95E79 /* Release */,
			);
			defaultConfigurationIsVisible = 0;
			defaultConfigurationName = Release;
		};
/* End XCConfigurationList section */
	};
	rootObject = B3147FBE2637C44C00CF20D8 /* Project object */;
}
